
Microsoft Visual Studio Solution File, Format Version 12.00
# Visual Studio 15
VisualStudioVersion = 15.0.28307.421
MinimumVisualStudioVersion = 10.0.40219.1
Project("{FAE04EC0-301F-11D3-BF4B-00C04F79EFBC}") = "P7BExporter", "P7BExporter\P7BExporter.csproj", "{C7CE11FA-1AA8-4453-A6E7-D4677DE23A1D}"
EndProject
Global
	GlobalSection(SolutionConfigurationPlatforms) = preSolution
		Debug|Any CPU = Debug|Any CPU
		Release|Any CPU = Release|Any CPU
	EndGlobalSection
	GlobalSection(ProjectConfigurationPlatforms) = postSolution
		{C7CE11FA-1AA8-4453-A6E7-D4677DE23A1D}.Debug|Any CPU.ActiveCfg = Debug|Any CPU
		{C7CE11FA-1AA8-4453-A6E7-D4677DE23A1D}.Debug|Any CPU.Build.0 = Debug|Any CPU
		{C7CE11FA-1AA8-4453-A6E7-D4677DE23A1D}.Release|Any CPU.ActiveCfg = Release|Any CPU
		{C7CE11FA-1AA8-4453-A6E7-D4677DE23A1D}.Release|Any CPU.Build.0 = Release|Any CPU
	EndGlobalSection
	GlobalSection(SolutionProperties) = preSolution
		HideSolutionNode = FALSE
	EndGlobalSection
	GlobalSection(ExtensibilityGlobals) = postSolution
		SolutionGuid = {51FBCFFD-FED2-469A-BCC0-1716D483B708}
	EndGlobalSection
EndGlobal
